
Microsoft Visual Studio Solution File, Format Version 12.00
# Visual Studio 2013
VisualStudioVersion = 12.0.31101.0
MinimumVisualStudioVersion = 10.0.40219.1
Project("{FAE04EC0-301F-11D3-BF4B-00C04F79EFBC}") = "ConsoleApplication", "DeleteTest\ConsoleApplication.csproj", "{DC16E481-0067-4A22-BEC8-7E7BEED4C232}"
EndProject
Project("{FAE04EC0-301F-11D3-BF4B-00C04F79EFBC}") = "Sid.Pipeline", "Sid.Pipeline\Sid.Pipeline.csproj", "{4A009069-ACFF-46A5-B712-CB005974A054}"
EndProject
Project("{FAE04EC0-301F-11D3-BF4B-00C04F79EFBC}") = "Sid.Rest.Requester", "Sid.Rest.Caller\Sid.Rest.Requester.csproj", "{257F8A74-8710-495A-84A8-5D9B1CE1D468}"
EndProject
Project("{FAE04EC0-301F-11D3-BF4B-00C04F79EFBC}") = "Sid.Types", "Sid.Types\Sid.Types.csproj", "{35E9CC33-C6B8-4BAF-95AB-FF1863FD8BB6}"
EndProject
Project("{FAE04EC0-301F-11D3-BF4B-00C04F79EFBC}") = "Sid.Data.Formatter", "Sid.Data.Formatter\Sid.Data.Formatter.csproj", "{5981CEAF-87EE-4AAC-BD9E-1A6CB21EE7AF}"
EndProject
Global
	GlobalSection(SolutionConfigurationPlatforms) = preSolution
		Debug|Any CPU = Debug|Any CPU
		Release|Any CPU = Release|Any CPU
	EndGlobalSection
	GlobalSection(ProjectConfigurationPlatforms) = postSolution
		{DC16E481-0067-4A22-BEC8-7E7BEED4C232}.Debug|Any CPU.ActiveCfg = Debug|Any CPU
		{DC16E481-0067-4A22-BEC8-7E7BEED4C232}.Debug|Any CPU.Build.0 = Debug|Any CPU
		{DC16E481-0067-4A22-BEC8-7E7BEED4C232}.Release|Any CPU.ActiveCfg = Release|Any CPU
		{DC16E481-0067-4A22-BEC8-7E7BEED4C232}.Release|Any CPU.Build.0 = Release|Any CPU
		{4A009069-ACFF-46A5-B712-CB005974A054}.Debug|Any CPU.ActiveCfg = Debug|Any CPU
		{4A009069-ACFF-46A5-B712-CB005974A054}.Debug|Any CPU.Build.0 = Debug|Any CPU
		{4A009069-ACFF-46A5-B712-CB005974A054}.Release|Any CPU.ActiveCfg = Release|Any CPU
		{4A009069-ACFF-46A5-B712-CB005974A054}.Release|Any CPU.Build.0 = Release|Any CPU
		{257F8A74-8710-495A-84A8-5D9B1CE1D468}.Debug|Any CPU.ActiveCfg = Debug|Any CPU
		{257F8A74-8710-495A-84A8-5D9B1CE1D468}.Debug|Any CPU.Build.0 = Debug|Any CPU
		{257F8A74-8710-495A-84A8-5D9B1CE1D468}.Release|Any CPU.ActiveCfg = Release|Any CPU
		{257F8A74-8710-495A-84A8-5D9B1CE1D468}.Release|Any CPU.Build.0 = Release|Any CPU
		{35E9CC33-C6B8-4BAF-95AB-FF1863FD8BB6}.Debug|Any CPU.ActiveCfg = Debug|Any CPU
		{35E9CC33-C6B8-4BAF-95AB-FF1863FD8BB6}.Debug|Any CPU.Build.0 = Debug|Any CPU
		{35E9CC33-C6B8-4BAF-95AB-FF1863FD8BB6}.Release|Any CPU.ActiveCfg = Release|Any CPU
		{35E9CC33-C6B8-4BAF-95AB-FF1863FD8BB6}.Release|Any CPU.Build.0 = Release|Any CPU
		{5981CEAF-87EE-4AAC-BD9E-1A6CB21EE7AF}.Debug|Any CPU.ActiveCfg = Debug|Any CPU
		{5981CEAF-87EE-4AAC-BD9E-1A6CB21EE7AF}.Debug|Any CPU.Build.0 = Debug|Any CPU
		{5981CEAF-87EE-4AAC-BD9E-1A6CB21EE7AF}.Release|Any CPU.ActiveCfg = Release|Any CPU
		{5981CEAF-87EE-4AAC-BD9E-1A6CB21EE7AF}.Release|Any CPU.Build.0 = Release|Any CPU
	EndGlobalSection
	GlobalSection(SolutionProperties) = preSolution
		HideSolutionNode = FALSE
	EndGlobalSection
EndGlobal
